// !$*UTF8*$!
{
	archiveVersion = 1;
	classes = {
	};
	objectVersion = 56;
	objects = {

/* Begin PBXBuildFile section */
		2F73A78328E24555002ABE67 /* NavbarList.swift in Sources */ = {isa = PBXBuildFile; fileRef = 2F73A78228E24555002ABE67 /* NavbarList.swift */; };
		2F73A78928E24854002ABE67 /* note.json in Resources */ = {isa = PBXBuildFile; fileRef = 2FCDC94928E0FBA900D60775 /* note.json */; };
		2FCDC91528E0F05000D60775 /* xieziApp.swift in Sources */ = {isa = PBXBuildFile; fileRef = 2FCDC91428E0F05000D60775 /* xieziApp.swift */; };
		2FCDC91728E0F05000D60775 /* ContentView.swift in Sources */ = {isa = PBXBuildFile; fileRef = 2FCDC91628E0F05000D60775 /* ContentView.swift */; };
		2FCDC91928E0F05100D60775 /* Assets.xcassets in Resources */ = {isa = PBXBuildFile; fileRef = 2FCDC91828E0F05100D60775 /* Assets.xcassets */; };
		2FCDC91C28E0F05100D60775 /* Preview Assets.xcassets in Resources */ = {isa = PBXBuildFile; fileRef = 2FCDC91B28E0F05100D60775 /* Preview Assets.xcassets */; };
		2FCDC92728E0F05100D60775 /* xieziTests.swift in Sources */ = {isa = PBXBuildFile; fileRef = 2FCDC92628E0F05100D60775 /* xieziTests.swift */; };
		2FCDC93128E0F05100D60775 /* xieziUITests.swift in Sources */ = {isa = PBXBuildFile; fileRef = 2FCDC93028E0F05100D60775 /* xieziUITests.swift */; };
		2FCDC93328E0F05100D60775 /* xieziUITestsLaunchTests.swift in Sources */ = {isa = PBXBuildFile; fileRef = 2FCDC93228E0F05100D60775 /* xieziUITestsLaunchTests.swift */; };
		2FCDC94228E0F3F600D60775 /* Note.swift in Sources */ = {isa = PBXBuildFile; fileRef = 2FCDC94128E0F3F600D60775 /* Note.swift */; };
		2FCDC94628E0FA5200D60775 /* ModelData.swift in Sources */ = {isa = PBXBuildFile; fileRef = 2FCDC94528E0FA5200D60775 /* ModelData.swift */; };
/* End PBXBuildFile section */

/* Begin PBXContainerItemProxy section */
		2FCDC92328E0F05100D60775 /* PBXContainerItemProxy */ = {
			isa = PBXContainerItemProxy;
			containerPortal = 2FCDC90928E0F05000D60775 /* Project object */;
			proxyType = 1;
			remoteGlobalIDString = 2FCDC91028E0F05000D60775;
			remoteInfo = xiezi;
		};
		2FCDC92D28E0F05100D60775 /* PBXContainerItemProxy */ = {
			isa = PBXContainerItemProxy;
			containerPortal = 2FCDC90928E0F05000D60775 /* Project object */;
			proxyType = 1;
			remoteGlobalIDString = 2FCDC91028E0F05000D60775;
			remoteInfo = xiezi;
		};
/* End PBXContainerItemProxy section */

/* Begin PBXFileReference section */
		2F73A78228E24555002ABE67 /* NavbarList.swift */ = {isa = PBXFileReference; lastKnownFileType = sourcecode.swift; path = NavbarList.swift; sourceTree = "<group>"; };
		2FCDC91128E0F05000D60775 /* xiezi.app */ = {isa = PBXFileReference; explicitFileType = wrapper.application; includeInIndex = 0; path = xiezi.app; sourceTree = BUILT_PRODUCTS_DIR; };
		2FCDC91428E0F05000D60775 /* xieziApp.swift */ = {isa = PBXFileReference; lastKnownFileType = sourcecode.swift; path = xieziApp.swift; sourceTree = "<group>"; };
		2FCDC91628E0F05000D60775 /* ContentView.swift */ = {isa = PBXFileReference; lastKnownFileType = sourcecode.swift; path = ContentView.swift; sourceTree = "<group>"; };
		2FCDC91828E0F05100D60775 /* Assets.xcassets */ = {isa = PBXFileReference; lastKnownFileType = folder.assetcatalog; path = Assets.xcassets; sourceTree = "<group>"; };
		2FCDC91B28E0F05100D60775 /* Preview Assets.xcassets */ = {isa = PBXFileReference; lastKnownFileType = folder.assetcatalog; path = "Preview Assets.xcassets"; sourceTree = "<group>"; };
		2FCDC91D28E0F05100D60775 /* xiezi.entitlements */ = {isa = PBXFileReference; lastKnownFileType = text.plist.entitlements; path = xiezi.entitlements; sourceTree = "<group>"; };
		2FCDC92228E0F05100D60775 /* xieziTests.xctest */ = {isa = PBXFileReference; explicitFileType = wrapper.cfbundle; includeInIndex = 0; path = xieziTests.xctest; sourceTree = BUILT_PRODUCTS_DIR; };
		2FCDC92628E0F05100D60775 /* xieziTests.swift */ = {isa = PBXFileReference; lastKnownFileType = sourcecode.swift; path = xieziTests.swift; sourceTree = "<group>"; };
		2FCDC92C28E0F05100D60775 /* xieziUITests.xctest */ = {isa = PBXFileReference; explicitFileType = wrapper.cfbundle; includeInIndex = 0; path = xieziUITests.xctest; sourceTree = BUILT_PRODUCTS_DIR; };
		2FCDC93028E0F05100D60775 /* xieziUITests.swift */ = {isa = PBXFileReference; lastKnownFileType = sourcecode.swift; path = xieziUITests.swift; sourceTree = "<group>"; };
		2FCDC93228E0F05100D60775 /* xieziUITestsLaunchTests.swift */ = {isa = PBXFileReference; lastKnownFileType = sourcecode.swift; path = xieziUITestsLaunchTests.swift; sourceTree = "<group>"; };
		2FCDC94128E0F3F600D60775 /* Note.swift */ = {isa = PBXFileReference; lastKnownFileType = sourcecode.swift; path = Note.swift; sourceTree = "<group>"; };
		2FCDC94528E0FA5200D60775 /* ModelData.swift */ = {isa = PBXFileReference; lastKnownFileType = sourcecode.swift; path = ModelData.swift; sourceTree = "<group>"; };
		2FCDC94928E0FBA900D60775 /* note.json */ = {isa = PBXFileReference; lastKnownFileType = text.json; path = note.json; sourceTree = "<group>"; xcLanguageSpecificationIdentifier = xcode.lang.json; };
/* End PBXFileReference section */

/* Begin PBXFrameworksBuildPhase section */
		2FCDC90E28E0F05000D60775 /* Frameworks */ = {
			isa = PBXFrameworksBuildPhase;
			buildActionMask = 2147483647;
			files = (
			);
			runOnlyForDeploymentPostprocessing = 0;
		};
		2FCDC91F28E0F05100D60775 /* Frameworks */ = {
			isa = PBXFrameworksBuildPhase;
			buildActionMask = 2147483647;
			files = (
			);
			runOnlyForDeploymentPostprocessing = 0;
		};
		2FCDC92928E0F05100D60775 /* Frameworks */ = {
			isa = PBXFrameworksBuildPhase;
			buildActionMask = 2147483647;
			files = (
			);
			runOnlyForDeploymentPostprocessing = 0;
		};
/* End PBXFrameworksBuildPhase section */

/* Begin PBXGroup section */
		2FCDC90828E0F05000D60775 = {
			isa = PBXGroup;
			children = (
				2FCDC91328E0F05000D60775 /* xiezi */,
				2FCDC92528E0F05100D60775 /* xieziTests */,
				2FCDC92F28E0F05100D60775 /* xieziUITests */,
				2FCDC91228E0F05000D60775 /* Products */,
			);
			sourceTree = "<group>";
		};
		2FCDC91228E0F05000D60775 /* Products */ = {
			isa = PBXGroup;
			children = (
				2FCDC91128E0F05000D60775 /* xiezi.app */,
				2FCDC92228E0F05100D60775 /* xieziTests.xctest */,
				2FCDC92C28E0F05100D60775 /* xieziUITests.xctest */,
			);
			name = Products;
			sourceTree = "<group>";
		};
		2FCDC91328E0F05000D60775 /* xiezi */ = {
			isa = PBXGroup;
			children = (
				2FCDC94828E0FB8A00D60775 /* Resources */,
				2FCDC91428E0F05000D60775 /* xieziApp.swift */,
				2FCDC91628E0F05000D60775 /* ContentView.swift */,
				2FCDC91828E0F05100D60775 /* Assets.xcassets */,
				2FCDC91D28E0F05100D60775 /* xiezi.entitlements */,
				2FCDC91A28E0F05100D60775 /* Preview Content */,
				2FCDC94728E0FA5D00D60775 /* Model */,
				2F73A78228E24555002ABE67 /* NavbarList.swift */,
			);
			path = xiezi;
			sourceTree = "<group>";
		};
		2FCDC91A28E0F05100D60775 /* Preview Content */ = {
			isa = PBXGroup;
			children = (
				2FCDC91B28E0F05100D60775 /* Preview Assets.xcassets */,
			);
			path = "Preview Content";
			sourceTree = "<group>";
		};
		2FCDC92528E0F05100D60775 /* xieziTests */ = {
			isa = PBXGroup;
			children = (
				2FCDC92628E0F05100D60775 /* xieziTests.swift */,
			);
			path = xieziTests;
			sourceTree = "<group>";
		};
		2FCDC92F28E0F05100D60775 /* xieziUITests */ = {
			isa = PBXGroup;
			children = (
				2FCDC93028E0F05100D60775 /* xieziUITests.swift */,
				2FCDC93228E0F05100D60775 /* xieziUITestsLaunchTests.swift */,
			);
			path = xieziUITests;
			sourceTree = "<group>";
		};
		2FCDC94728E0FA5D00D60775 /* Model */ = {
			isa = PBXGroup;
			children = (
				2FCDC94128E0F3F600D60775 /* Note.swift */,
				2FCDC94528E0FA5200D60775 /* ModelData.swift */,
			);
			path = Model;
			sourceTree = "<group>";
		};
		2FCDC94828E0FB8A00D60775 /* Resources */ = {
			isa = PBXGroup;
			children = (
				2FCDC94928E0FBA900D60775 /* note.json */,
			);
			path = Resources;
			sourceTree = "<group>";
		};
/* End PBXGroup section */

/* Begin PBXNativeTarget section */
		2FCDC91028E0F05000D60775 /* xiezi */ = {
			isa = PBXNativeTarget;
			buildConfigurationList = 2FCDC93628E0F05100D60775 /* Build configuration list for PBXNativeTarget "xiezi" */;
			buildPhases = (
				2FCDC90D28E0F05000D60775 /* Sources */,
				2FCDC90E28E0F05000D60775 /* Frameworks */,
				2FCDC90F28E0F05000D60775 /* Resources */,
			);
			buildRules = (
			);
			dependencies = (
			);
			name = xiezi;
			productName = xiezi;
			productReference = 2FCDC91128E0F05000D60775 /* xiezi.app */;
			productType = "com.apple.product-type.application";
		};
		2FCDC92128E0F05100D60775 /* xieziTests */ = {
			isa = PBXNativeTarget;
			buildConfigurationList = 2FCDC93928E0F05100D60775 /* Build configuration list for PBXNativeTarget "xieziTests" */;
			buildPhases = (
				2FCDC91E28E0F05100D60775 /* Sources */,
				2FCDC91F28E0F05100D60775 /* Frameworks */,
				2FCDC92028E0F05100D60775 /* Resources */,
			);
			buildRules = (
			);
			dependencies = (
				2FCDC92428E0F05100D60775 /* PBXTargetDependency */,
			);
			name = xieziTests;
			productName = xieziTests;
			productReference = 2FCDC92228E0F05100D60775 /* xieziTests.xctest */;
			productType = "com.apple.product-type.bundle.unit-test";
		};
		2FCDC92B28E0F05100D60775 /* xieziUITests */ = {
			isa = PBXNativeTarget;
			buildConfigurationList = 2FCDC93C28E0F05100D60775 /* Build configuration list for PBXNativeTarget "xieziUITests" */;
			buildPhases = (
				2FCDC92828E0F05100D60775 /* Sources */,
				2FCDC92928E0F05100D60775 /* Frameworks */,
				2FCDC92A28E0F05100D60775 /* Resources */,
			);
			buildRules = (
			);
			dependencies = (
				2FCDC92E28E0F05100D60775 /* PBXTargetDependency */,
			);
			name = xieziUITests;
			productName = xieziUITests;
			productReference = 2FCDC92C28E0F05100D60775 /* xieziUITests.xctest */;
			productType = "com.apple.product-type.bundle.ui-testing";
		};
/* End PBXNativeTarget section */

/* Begin PBXProject section */
		2FCDC90928E0F05000D60775 /* Project object */ = {
			isa = PBXProject;
			attributes = {
				BuildIndependentTargetsInParallel = 1;
				LastSwiftUpdateCheck = 1400;
				LastUpgradeCheck = 1400;
				TargetAttributes = {
					2FCDC91028E0F05000D60775 = {
						CreatedOnToolsVersion = 14.0;
					};
					2FCDC92128E0F05100D60775 = {
						CreatedOnToolsVersion = 14.0;
						TestTargetID = 2FCDC91028E0F05000D60775;
					};
					2FCDC92B28E0F05100D60775 = {
						CreatedOnToolsVersion = 14.0;
						TestTargetID = 2FCDC91028E0F05000D60775;
					};
				};
			};
			buildConfigurationList = 2FCDC90C28E0F05000D60775 /* Build configuration list for PBXProject "xiezi" */;
			compatibilityVersion = "Xcode 14.0";
			developmentRegion = en;
			hasScannedForEncodings = 0;
			knownRegions = (
				en,
				Base,
			);
			mainGroup = 2FCDC90828E0F05000D60775;
			productRefGroup = 2FCDC91228E0F05000D60775 /* Products */;
			projectDirPath = "";
			projectRoot = "";
			targets = (
				2FCDC91028E0F05000D60775 /* xiezi */,
				2FCDC92128E0F05100D60775 /* xieziTests */,
				2FCDC92B28E0F05100D60775 /* xieziUITests */,
			);
		};
/* End PBXProject section */

/* Begin PBXResourcesBuildPhase section */
		2FCDC90F28E0F05000D60775 /* Resources */ = {
			isa = PBXResourcesBuildPhase;
			buildActionMask = 2147483647;
			files = (
				2F73A78928E24854002ABE67 /* note.json in Resources */,
				2FCDC91C28E0F05100D60775 /* Preview Assets.xcassets in Resources */,
				2FCDC91928E0F05100D60775 /* Assets.xcassets in Resources */,
			);
			runOnlyForDeploymentPostprocessing = 0;
		};
		2FCDC92028E0F05100D60775 /* Resources */ = {
			isa = PBXResourcesBuildPhase;
			buildActionMask = 2147483647;
			files = (
			);
			runOnlyForDeploymentPostprocessing = 0;
		};
		2FCDC92A28E0F05100D60775 /* Resources */ = {
			isa = PBXResourcesBuildPhase;
			buildActionMask = 2147483647;
			files = (
			);
			runOnlyForDeploymentPostprocessing = 0;
		};
/* End PBXResourcesBuildPhase section */

/* Begin PBXSourcesBuildPhase section */
		2FCDC90D28E0F05000D60775 /* Sources */ = {
			isa = PBXSourcesBuildPhase;
			buildActionMask = 2147483647;
			files = (
				2FCDC91728E0F05000D60775 /* ContentView.swift in Sources */,
				2F73A78328E24555002ABE67 /* NavbarList.swift in Sources */,
				2FCDC94628E0FA5200D60775 /* ModelData.swift in Sources */,
				2FCDC91528E0F05000D60775 /* xieziApp.swift in Sources */,
				2FCDC94228E0F3F600D60775 /* Note.swift in Sources */,
			);
			runOnlyForDeploymentPostprocessing = 0;
		};
		2FCDC91E28E0F05100D60775 /* Sources */ = {
			isa = PBXSourcesBuildPhase;
			buildActionMask = 2147483647;
			files = (
				2FCDC92728E0F05100D60775 /* xieziTests.swift in Sources */,
			);
			runOnlyForDeploymentPostprocessing = 0;
		};
		2FCDC92828E0F05100D60775 /* Sources */ = {
			isa = PBXSourcesBuildPhase;
			buildActionMask = 2147483647;
			files = (
				2FCDC93328E0F05100D60775 /* xieziUITestsLaunchTests.swift in Sources */,
				2FCDC93128E0F05100D60775 /* xieziUITests.swift in Sources */,
			);
			runOnlyForDeploymentPostprocessing = 0;
		};
/* End PBXSourcesBuildPhase section */

/* Begin PBXTargetDependency section */
		2FCDC92428E0F05100D60775 /* PBXTargetDependency */ = {
			isa = PBXTargetDependency;
			target = 2FCDC91028E0F05000D60775 /* xiezi */;
			targetProxy = 2FCDC92328E0F05100D60775 /* PBXContainerItemProxy */;
		};
		2FCDC92E28E0F05100D60775 /* PBXTargetDependency */ = {
			isa = PBXTargetDependency;
			target = 2FCDC91028E0F05000D60775 /* xiezi */;
			targetProxy = 2FCDC92D28E0F05100D60775 /* PBXContainerItemProxy */;
		};
/* End PBXTargetDependency section */

/* Begin XCBuildConfiguration section */
		2FCDC93428E0F05100D60775 /* Debug */ = {
			isa = XCBuildConfiguration;
			buildSettings = {
				ALWAYS_SEARCH_USER_PATHS = NO;
				CLANG_ANALYZER_NONNULL = YES;
				CLANG_ANALYZER_NUMBER_OBJECT_CONVERSION = YES_AGGRESSIVE;
				CLANG_CXX_LANGUAGE_STANDARD = "gnu++20";
				CLANG_ENABLE_MODULES = YES;
				CLANG_ENABLE_OBJC_ARC = YES;
				CLANG_ENABLE_OBJC_WEAK = YES;
				CLANG_WARN_BLOCK_CAPTURE_AUTORELEASING = YES;
				CLANG_WARN_BOOL_CONVERSION = YES;
				CLANG_WARN_COMMA = YES;
				CLANG_WARN_CONSTANT_CONVERSION = YES;
				CLANG_WARN_DEPRECATED_OBJC_IMPLEMENTATIONS = YES;
				CLANG_WARN_DIRECT_OBJC_ISA_USAGE = YES_ERROR;
				CLANG_WARN_DOCUMENTATION_COMMENTS = YES;
				CLANG_WARN_EMPTY_BODY = YES;
				CLANG_WARN_ENUM_CONVERSION = YES;
				CLANG_WARN_INFINITE_RECURSION = YES;
				CLANG_WARN_INT_CONVERSION = YES;
				CLANG_WARN_NON_LITERAL_NULL_CONVERSION = YES;
				CLANG_WARN_OBJC_IMPLICIT_RETAIN_SELF = YES;
				CLANG_WARN_OBJC_LITERAL_CONVERSION = YES;
				CLANG_WARN_OBJC_ROOT_CLASS = YES_ERROR;
				CLANG_WARN_QUOTED_INCLUDE_IN_FRAMEWORK_HEADER = YES;
				CLANG_WARN_RANGE_LOOP_ANALYSIS = YES;
				CLANG_WARN_STRICT_PROTOTYPES = YES;
				CLANG_WARN_SUSPICIOUS_MOVE = YES;
				CLANG_WARN_UNGUARDED_AVAILABILITY = YES_AGGRESSIVE;
				CLANG_WARN_UNREACHABLE_CODE = YES;
				CLANG_WARN__DUPLICATE_METHOD_MATCH = YES;
				COPY_PHASE_STRIP = NO;
				DEBUG_INFORMATION_FORMAT = dwarf;
				ENABLE_STRICT_OBJC_MSGSEND = YES;
				ENABLE_TESTABILITY = YES;
				GCC_C_LANGUAGE_STANDARD = gnu11;
				GCC_DYNAMIC_NO_PIC = NO;
				GCC_NO_COMMON_BLOCKS = YES;
				GCC_OPTIMIZATION_LEVEL = 0;
				GCC_PREPROCESSOR_DEFINITIONS = (
					"DEBUG=1",
					"$(inherited)",
				);
				GCC_WARN_64_TO_32_BIT_CONVERSION = YES;
				GCC_WARN_ABOUT_RETURN_TYPE = YES_ERROR;
				GCC_WARN_UNDECLARED_SELECTOR = YES;
				GCC_WARN_UNINITIALIZED_AUTOS = YES_AGGRESSIVE;
				GCC_WARN_UNUSED_FUNCTION = YES;
				GCC_WARN_UNUSED_VARIABLE = YES;
				MACOSX_DEPLOYMENT_TARGET = 12.3;
				MTL_ENABLE_DEBUG_INFO = INCLUDE_SOURCE;
				MTL_FAST_MATH = YES;
				ONLY_ACTIVE_ARCH = YES;
				SDKROOT = macosx;
				SWIFT_ACTIVE_COMPILATION_CONDITIONS = DEBUG;
				SWIFT_OPTIMIZATION_LEVEL = "-Onone";
			};
			name = Debug;
		};
		2FCDC93528E0F05100D60775 /* Release */ = {
			isa = XCBuildConfiguration;
			buildSettings = {
				ALWAYS_SEARCH_USER_PATHS = NO;
				CLANG_ANALYZER_NONNULL = YES;
				CLANG_ANALYZER_NUMBER_OBJECT_CONVERSION = YES_AGGRESSIVE;
				CLANG_CXX_LANGUAGE_STANDARD = "gnu++20";
				CLANG_ENABLE_MODULES = YES;
				CLANG_ENABLE_OBJC_ARC = YES;
				CLANG_ENABLE_OBJC_WEAK = YES;
				CLANG_WARN_BLOCK_CAPTURE_AUTORELEASING = YES;
				CLANG_WARN_BOOL_CONVERSION = YES;
				CLANG_WARN_COMMA = YES;
				CLANG_WARN_CONSTANT_CONVERSION = YES;
				CLANG_WARN_DEPRECATED_OBJC_IMPLEMENTATIONS = YES;
				CLANG_WARN_DIRECT_OBJC_ISA_USAGE = YES_ERROR;
				CLANG_WARN_DOCUMENTATION_COMMENTS = YES;
				CLANG_WARN_EMPTY_BODY = YES;
				CLANG_WARN_ENUM_CONVERSION = YES;
				CLANG_WARN_INFINITE_RECURSION = YES;
				CLANG_WARN_INT_CONVERSION = YES;
				CLANG_WARN_NON_LITERAL_NULL_CONVERSION = YES;
				CLANG_WARN_OBJC_IMPLICIT_RETAIN_SELF = YES;
				CLANG_WARN_OBJC_LITERAL_CONVERSION = YES;
				CLANG_WARN_OBJC_ROOT_CLASS = YES_ERROR;
				CLANG_WARN_QUOTED_INCLUDE_IN_FRAMEWORK_HEADER = YES;
				CLANG_WARN_RANGE_LOOP_ANALYSIS = YES;
				CLANG_WARN_STRICT_PROTOTYPES = YES;
				CLANG_WARN_SUSPICIOUS_MOVE = YES;
				CLANG_WARN_UNGUARDED_AVAILABILITY = YES_AGGRESSIVE;
				CLANG_WARN_UNREACHABLE_CODE = YES;
				CLANG_WARN__DUPLICATE_METHOD_MATCH = YES;
				COPY_PHASE_STRIP = NO;
				DEBUG_INFORMATION_FORMAT = "dwarf-with-dsym";
				ENABLE_NS_ASSERTIONS = NO;
				ENABLE_STRICT_OBJC_MSGSEND = YES;
				GCC_C_LANGUAGE_STANDARD = gnu11;
				GCC_NO_COMMON_BLOCKS = YES;
				GCC_WARN_64_TO_32_BIT_CONVERSION = YES;
				GCC_WARN_ABOUT_RETURN_TYPE = YES_ERROR;
				GCC_WARN_UNDECLARED_SELECTOR = YES;
				GCC_WARN_UNINITIALIZED_AUTOS = YES_AGGRESSIVE;
				GCC_WARN_UNUSED_FUNCTION = YES;
				GCC_WARN_UNUSED_VARIABLE = YES;
				MACOSX_DEPLOYMENT_TARGET = 12.3;
				MTL_ENABLE_DEBUG_INFO = NO;
				MTL_FAST_MATH = YES;
				SDKROOT = macosx;
				SWIFT_COMPILATION_MODE = wholemodule;
				SWIFT_OPTIMIZATION_LEVEL = "-O";
			};
			name = Release;
		};
		2FCDC93728E0F05100D60775 /* Debug */ = {
			isa = XCBuildConfiguration;
			buildSettings = {
				ASSETCATALOG_COMPILER_APPICON_NAME = AppIcon;
				ASSETCATALOG_COMPILER_GLOBAL_ACCENT_COLOR_NAME = AccentColor;
				CODE_SIGN_ENTITLEMENTS = xiezi/xiezi.entitlements;
				CODE_SIGN_STYLE = Automatic;
				COMBINE_HIDPI_IMAGES = YES;
				CURRENT_PROJECT_VERSION = 1;
				DEVELOPMENT_ASSET_PATHS = "\"xiezi/Preview Content\"";
				ENABLE_PREVIEWS = YES;
				GENERATE_INFOPLIST_FILE = YES;
				INFOPLIST_KEY_NSHumanReadableCopyright = "";
				LD_RUNPATH_SEARCH_PATHS = (
					"$(inherited)",
					"@executable_path/../Frameworks",
				);
				MARKETING_VERSION = 1.0;
				PRODUCT_BUNDLE_IDENTIFIER = com.shigedangao.xiezi;
				PRODUCT_NAME = "$(TARGET_NAME)";
				SWIFT_EMIT_LOC_STRINGS = YES;
				SWIFT_VERSION = 5.0;
			};
			name = Debug;
		};
		2FCDC93828E0F05100D60775 /* Release */ = {
			isa = XCBuildConfiguration;
			buildSettings = {
				ASSETCATALOG_COMPILER_APPICON_NAME = AppIcon;
				ASSETCATALOG_COMPILER_GLOBAL_ACCENT_COLOR_NAME = AccentColor;
				CODE_SIGN_ENTITLEMENTS = xiezi/xiezi.entitlements;
				CODE_SIGN_STYLE = Automatic;
				COMBINE_HIDPI_IMAGES = YES;
				CURRENT_PROJECT_VERSION = 1;
				DEVELOPMENT_ASSET_PATHS = "\"xiezi/Preview Content\"";
				ENABLE_PREVIEWS = YES;
				GENERATE_INFOPLIST_FILE = YES;
				INFOPLIST_KEY_NSHumanReadableCopyright = "";
				LD_RUNPATH_SEARCH_PATHS = (
					"$(inherited)",
					"@executable_path/../Frameworks",
				);
				MARKETING_VERSION = 1.0;
				PRODUCT_BUNDLE_IDENTIFIER = com.shigedangao.xiezi;
				PRODUCT_NAME = "$(TARGET_NAME)";
				SWIFT_EMIT_LOC_STRINGS = YES;
				SWIFT_VERSION = 5.0;
			};
			name = Release;
		};
		2FCDC93A28E0F05100D60775 /* Debug */ = {
			isa = XCBuildConfiguration;
			buildSettings = {
				ALWAYS_EMBED_SWIFT_STANDARD_LIBRARIES = YES;
				BUNDLE_LOADER = "$(TEST_HOST)";
				CODE_SIGN_STYLE = Automatic;
				CURRENT_PROJECT_VERSION = 1;
				GENERATE_INFOPLIST_FILE = YES;
				MACOSX_DEPLOYMENT_TARGET = 12.3;
				MARKETING_VERSION = 1.0;
				PRODUCT_BUNDLE_IDENTIFIER = com.shigedangao.xieziTests;
				PRODUCT_NAME = "$(TARGET_NAME)";
				SWIFT_EMIT_LOC_STRINGS = NO;
				SWIFT_VERSION = 5.0;
				TEST_HOST = "$(BUILT_PRODUCTS_DIR)/xiezi.app/$(BUNDLE_EXECUTABLE_FOLDER_PATH)/xiezi";
			};
			name = Debug;
		};
		2FCDC93B28E0F05100D60775 /* Release */ = {
			isa = XCBuildConfiguration;
			buildSettings = {
				ALWAYS_EMBED_SWIFT_STANDARD_LIBRARIES = YES;
				BUNDLE_LOADER = "$(TEST_HOST)";
				CODE_SIGN_STYLE = Automatic;
				CURRENT_PROJECT_VERSION = 1;
				GENERATE_INFOPLIST_FILE = YES;
				MACOSX_DEPLOYMENT_TARGET = 12.3;
				MARKETING_VERSION = 1.0;
				PRODUCT_BUNDLE_IDENTIFIER = com.shigedangao.xieziTests;
				PRODUCT_NAME = "$(TARGET_NAME)";
				SWIFT_EMIT_LOC_STRINGS = NO;
				SWIFT_VERSION = 5.0;
				TEST_HOST = "$(BUILT_PRODUCTS_DIR)/xiezi.app/$(BUNDLE_EXECUTABLE_FOLDER_PATH)/xiezi";
			};
			name = Release;
		};
		2FCDC93D28E0F05100D60775 /* Debug */ = {
			isa = XCBuildConfiguration;
			buildSettings = {
				ALWAYS_EMBED_SWIFT_STANDARD_LIBRARIES = YES;
				CODE_SIGN_STYLE = Automatic;
				CURRENT_PROJECT_VERSION = 1;
				GENERATE_INFOPLIST_FILE = YES;
				MARKETING_VERSION = 1.0;
				PRODUCT_BUNDLE_IDENTIFIER = com.shigedangao.xieziUITests;
				PRODUCT_NAME = "$(TARGET_NAME)";
				SWIFT_EMIT_LOC_STRINGS = NO;
				SWIFT_VERSION = 5.0;
				TEST_TARGET_NAME = xiezi;
			};
			name = Debug;
		};
		2FCDC93E28E0F05100D60775 /* Release */ = {
			isa = XCBuildConfiguration;
			buildSettings = {
				ALWAYS_EMBED_SWIFT_STANDARD_LIBRARIES = YES;
				CODE_SIGN_STYLE = Automatic;
				CURRENT_PROJECT_VERSION = 1;
				GENERATE_INFOPLIST_FILE = YES;
				MARKETING_VERSION = 1.0;
				PRODUCT_BUNDLE_IDENTIFIER = com.shigedangao.xieziUITests;
				PRODUCT_NAME = "$(TARGET_NAME)";
				SWIFT_EMIT_LOC_STRINGS = NO;
				SWIFT_VERSION = 5.0;
				TEST_TARGET_NAME = xiezi;
			};
			name = Release;
		};
/* End XCBuildConfiguration section */

/* Begin XCConfigurationList section */
		2FCDC90C28E0F05000D60775 /* Build configuration list for PBXProject "xiezi" */ = {
			isa = XCConfigurationList;
			buildConfigurations = (
				2FCDC93428E0F05100D60775 /* Debug */,
				2FCDC93528E0F05100D60775 /* Release */,
			);
			defaultConfigurationIsVisible = 0;
			defaultConfigurationName = Release;
		};
		2FCDC93628E0F05100D60775 /* Build configuration list for PBXNativeTarget "xiezi" */ = {
			isa = XCConfigurationList;
			buildConfigurations = (
				2FCDC93728E0F05100D60775 /* Debug */,
				2FCDC93828E0F05100D60775 /* Release */,
			);
			defaultConfigurationIsVisible = 0;
			defaultConfigurationName = Release;
		};
		2FCDC93928E0F05100D60775 /* Build configuration list for PBXNativeTarget "xieziTests" */ = {
			isa = XCConfigurationList;
			buildConfigurations = (
				2FCDC93A28E0F05100D60775 /* Debug */,
				2FCDC93B28E0F05100D60775 /* Release */,
			);
			defaultConfigurationIsVisible = 0;
			defaultConfigurationName = Release;
		};
		2FCDC93C28E0F05100D60775 /* Build configuration list for PBXNativeTarget "xieziUITests" */ = {
			isa = XCConfigurationList;
			buildConfigurations = (
				2FCDC93D28E0F05100D60775 /* Debug */,
				2FCDC93E28E0F05100D60775 /* Release */,
			);
			defaultConfigurationIsVisible = 0;
			defaultConfigurationName = Release;
		};
/* End XCConfigurationList section */
	};
	rootObject = 2FCDC90928E0F05000D60775 /* Project object */;
}
